// !$*UTF8*$!
{
	archiveVersion = 1;
	classes = {
	};
	objectVersion = 46;
	objects = {

/* Begin PBXBuildFile section */
		044055998A5AD888A43330D1 /* Pods_Moonbeam.framework in Frameworks */ = {isa = PBXBuildFile; fileRef = 3A806FEED6E7EB6E8E8191B4 /* Pods_Moonbeam.framework */; };
		152A45CF1D592BA500D8CC23 /* AppDelegate.swift in Sources */ = {isa = PBXBuildFile; fileRef = 152A45CE1D592BA500D8CC23 /* AppDelegate.swift */; };
		152A45D11D592BA500D8CC23 /* IndexViewController.swift in Sources */ = {isa = PBXBuildFile; fileRef = 152A45D01D592BA500D8CC23 /* IndexViewController.swift */; };
		152A45D41D592BA500D8CC23 /* Main.storyboard in Resources */ = {isa = PBXBuildFile; fileRef = 152A45D21D592BA500D8CC23 /* Main.storyboard */; };
		152A45D61D592BA500D8CC23 /* Assets.xcassets in Resources */ = {isa = PBXBuildFile; fileRef = 152A45D51D592BA500D8CC23 /* Assets.xcassets */; };
		152A45E11D592C9F00D8CC23 /* SearchViewController.swift in Sources */ = {isa = PBXBuildFile; fileRef = 152A45E01D592C9F00D8CC23 /* SearchViewController.swift */; };
		157660E81D593818005EA01A /* LaunchScreen.xib in Resources */ = {isa = PBXBuildFile; fileRef = 157660E71D593818005EA01A /* LaunchScreen.xib */; };
		15B8E7BC1D7B4CE300A011F7 /* SwiftyJSON.framework in Frameworks */ = {isa = PBXBuildFile; fileRef = 15B8E7BB1D7B4CE300A011F7 /* SwiftyJSON.framework */; settings = {ATTRIBUTES = (Required, ); }; };
		15B8E7C21D7C846100A011F7 /* buffalo.json in Resources */ = {isa = PBXBuildFile; fileRef = 15B8E7C11D7C846100A011F7 /* buffalo.json */; };
/* End PBXBuildFile section */

/* Begin PBXFileReference section */
		152A45CB1D592BA500D8CC23 /* Moonbeam.app */ = {isa = PBXFileReference; explicitFileType = wrapper.application; includeInIndex = 0; path = Moonbeam.app; sourceTree = BUILT_PRODUCTS_DIR; };
		152A45CE1D592BA500D8CC23 /* AppDelegate.swift */ = {isa = PBXFileReference; lastKnownFileType = sourcecode.swift; path = AppDelegate.swift; sourceTree = "<group>"; };
		152A45D01D592BA500D8CC23 /* IndexViewController.swift */ = {isa = PBXFileReference; lastKnownFileType = sourcecode.swift; path = IndexViewController.swift; sourceTree = "<group>"; };
		152A45D31D592BA500D8CC23 /* Base */ = {isa = PBXFileReference; lastKnownFileType = file.storyboard; name = Base; path = Base.lproj/Main.storyboard; sourceTree = "<group>"; };
		152A45D51D592BA500D8CC23 /* Assets.xcassets */ = {isa = PBXFileReference; lastKnownFileType = folder.assetcatalog; path = Assets.xcassets; sourceTree = "<group>"; };
		152A45DA1D592BA500D8CC23 /* Info.plist */ = {isa = PBXFileReference; lastKnownFileType = text.plist.xml; path = Info.plist; sourceTree = "<group>"; };
		152A45E01D592C9F00D8CC23 /* SearchViewController.swift */ = {isa = PBXFileReference; fileEncoding = 4; lastKnownFileType = sourcecode.swift; path = SearchViewController.swift; sourceTree = "<group>"; };
		157660E71D593818005EA01A /* LaunchScreen.xib */ = {isa = PBXFileReference; fileEncoding = 4; lastKnownFileType = file.xib; path = LaunchScreen.xib; sourceTree = "<group>"; };
		15B8E7BB1D7B4CE300A011F7 /* SwiftyJSON.framework */ = {isa = PBXFileReference; lastKnownFileType = wrapper.framework; name = SwiftyJSON.framework; path = "Pods/../build/Debug-iphoneos/SwiftyJSON/SwiftyJSON.framework"; sourceTree = "<group>"; };
		15B8E7C11D7C846100A011F7 /* buffalo.json */ = {isa = PBXFileReference; fileEncoding = 4; lastKnownFileType = text.json; path = buffalo.json; sourceTree = SOURCE_ROOT; };
		3A806FEED6E7EB6E8E8191B4 /* Pods_Moonbeam.framework */ = {isa = PBXFileReference; explicitFileType = wrapper.framework; includeInIndex = 0; path = Pods_Moonbeam.framework; sourceTree = BUILT_PRODUCTS_DIR; };
		4A65D06643B7D63131019E5B /* Pods-Moonbeam.debug.xcconfig */ = {isa = PBXFileReference; includeInIndex = 1; lastKnownFileType = text.xcconfig; name = "Pods-Moonbeam.debug.xcconfig"; path = "Pods/Target Support Files/Pods-Moonbeam/Pods-Moonbeam.debug.xcconfig"; sourceTree = "<group>"; };
		5EFE5E0F0DA30D267C676D67 /* Pods-Moonbeam.release.xcconfig */ = {isa = PBXFileReference; includeInIndex = 1; lastKnownFileType = text.xcconfig; name = "Pods-Moonbeam.release.xcconfig"; path = "Pods/Target Support Files/Pods-Moonbeam/Pods-Moonbeam.release.xcconfig"; sourceTree = "<group>"; };
/* End PBXFileReference section */

/* Begin PBXFrameworksBuildPhase section */
		152A45C81D592BA500D8CC23 /* Frameworks */ = {
			isa = PBXFrameworksBuildPhase;
			buildActionMask = 2147483647;
			files = (
				15B8E7BC1D7B4CE300A011F7 /* SwiftyJSON.framework in Frameworks */,
				044055998A5AD888A43330D1 /* Pods_Moonbeam.framework in Frameworks */,
			);
			runOnlyForDeploymentPostprocessing = 0;
		};
/* End PBXFrameworksBuildPhase section */

/* Begin PBXGroup section */
		152A45C21D592BA500D8CC23 = {
			isa = PBXGroup;
			children = (
				152A45CD1D592BA500D8CC23 /* Moonbeam */,
				152A45CC1D592BA500D8CC23 /* Products */,
				6818E1B7DF5DB6C2CC4151CF /* Frameworks */,
				BA998CA8E4AED0CE7FB8BFF8 /* Pods */,
			);
			sourceTree = "<group>";
		};
		152A45CC1D592BA500D8CC23 /* Products */ = {
			isa = PBXGroup;
			children = (
				152A45CB1D592BA500D8CC23 /* Moonbeam.app */,
			);
			name = Products;
			sourceTree = "<group>";
		};
		152A45CD1D592BA500D8CC23 /* Moonbeam */ = {
			isa = PBXGroup;
			children = (
				152A45CE1D592BA500D8CC23 /* AppDelegate.swift */,
				152A45D01D592BA500D8CC23 /* IndexViewController.swift */,
				152A45E01D592C9F00D8CC23 /* SearchViewController.swift */,
				152A45D21D592BA500D8CC23 /* Main.storyboard */,
				152A45D51D592BA500D8CC23 /* Assets.xcassets */,
				152A45DA1D592BA500D8CC23 /* Info.plist */,
				157660E71D593818005EA01A /* LaunchScreen.xib */,
				15B8E7C11D7C846100A011F7 /* buffalo.json */,
			);
			path = Moonbeam;
			sourceTree = "<group>";
		};
		6818E1B7DF5DB6C2CC4151CF /* Frameworks */ = {
			isa = PBXGroup;
			children = (
				15B8E7BB1D7B4CE300A011F7 /* SwiftyJSON.framework */,
				3A806FEED6E7EB6E8E8191B4 /* Pods_Moonbeam.framework */,
			);
			name = Frameworks;
			sourceTree = "<group>";
		};
		BA998CA8E4AED0CE7FB8BFF8 /* Pods */ = {
			isa = PBXGroup;
			children = (
				4A65D06643B7D63131019E5B /* Pods-Moonbeam.debug.xcconfig */,
				5EFE5E0F0DA30D267C676D67 /* Pods-Moonbeam.release.xcconfig */,
			);
			name = Pods;
			sourceTree = "<group>";
		};
/* End PBXGroup section */

/* Begin PBXNativeTarget section */
		152A45CA1D592BA500D8CC23 /* Moonbeam */ = {
			isa = PBXNativeTarget;
			buildConfigurationList = 152A45DD1D592BA500D8CC23 /* Build configuration list for PBXNativeTarget "Moonbeam" */;
			buildPhases = (
				EF7685E895D73A303FF8BC60 /* [CP] Check Pods Manifest.lock */,
				152A45C71D592BA500D8CC23 /* Sources */,
				152A45C81D592BA500D8CC23 /* Frameworks */,
				152A45C91D592BA500D8CC23 /* Resources */,
				3FC2125B4F84AAD298ADFA7A /* [CP] Embed Pods Frameworks */,
				6C2A5B3A386834E152BDB8F9 /* [CP] Copy Pods Resources */,
			);
			buildRules = (
			);
			dependencies = (
			);
			name = Moonbeam;
			productName = Moonbeam;
			productReference = 152A45CB1D592BA500D8CC23 /* Moonbeam.app */;
			productType = "com.apple.product-type.application";
		};
/* End PBXNativeTarget section */

/* Begin PBXProject section */
		152A45C31D592BA500D8CC23 /* Project object */ = {
			isa = PBXProject;
			attributes = {
				LastSwiftUpdateCheck = 0720;
				LastUpgradeCheck = 0720;
				ORGANIZATIONNAME = "Randall Mardus";
				TargetAttributes = {
					152A45CA1D592BA500D8CC23 = {
						CreatedOnToolsVersion = 7.2.1;
					};
				};
			};
			buildConfigurationList = 152A45C61D592BA500D8CC23 /* Build configuration list for PBXProject "Moonbeam" */;
			compatibilityVersion = "Xcode 3.2";
			developmentRegion = English;
			hasScannedForEncodings = 0;
			knownRegions = (
				en,
				Base,
			);
			mainGroup = 152A45C21D592BA500D8CC23;
			productRefGroup = 152A45CC1D592BA500D8CC23 /* Products */;
			projectDirPath = "";
			projectRoot = "";
			targets = (
				152A45CA1D592BA500D8CC23 /* Moonbeam */,
			);
		};
/* End PBXProject section */

/* Begin PBXResourcesBuildPhase section */
		152A45C91D592BA500D8CC23 /* Resources */ = {
			isa = PBXResourcesBuildPhase;
			buildActionMask = 2147483647;
			files = (
				157660E81D593818005EA01A /* LaunchScreen.xib in Resources */,
				15B8E7C21D7C846100A011F7 /* buffalo.json in Resources */,
				152A45D61D592BA500D8CC23 /* Assets.xcassets in Resources */,
				152A45D41D592BA500D8CC23 /* Main.storyboard in Resources */,
			);
			runOnlyForDeploymentPostprocessing = 0;
		};
/* End PBXResourcesBuildPhase section */

/* Begin PBXShellScriptBuildPhase section */
		3FC2125B4F84AAD298ADFA7A /* [CP] Embed Pods Frameworks */ = {
			isa = PBXShellScriptBuildPhase;
			buildActionMask = 2147483647;
			files = (
			);
			inputPaths = (
			);
			name = "[CP] Embed Pods Frameworks";
			outputPaths = (
			);
			runOnlyForDeploymentPostprocessing = 0;
			shellPath = /bin/sh;
			shellScript = "\"${SRCROOT}/Pods/Target Support Files/Pods-Moonbeam/Pods-Moonbeam-frameworks.sh\"\n";
			showEnvVarsInLog = 0;
		};
		6C2A5B3A386834E152BDB8F9 /* [CP] Copy Pods Resources */ = {
			isa = PBXShellScriptBuildPhase;
			buildActionMask = 2147483647;
			files = (
			);
			inputPaths = (
			);
			name = "[CP] Copy Pods Resources";
			outputPaths = (
			);
			runOnlyForDeploymentPostprocessing = 0;
			shellPath = /bin/sh;
			shellScript = "\"${SRCROOT}/Pods/Target Support Files/Pods-Moonbeam/Pods-Moonbeam-resources.sh\"\n";
			showEnvVarsInLog = 0;
		};
		EF7685E895D73A303FF8BC60 /* [CP] Check Pods Manifest.lock */ = {
			isa = PBXShellScriptBuildPhase;
			buildActionMask = 2147483647;
			files = (
			);
			inputPaths = (
			);
			name = "[CP] Check Pods Manifest.lock";
			outputPaths = (
			);
			runOnlyForDeploymentPostprocessing = 0;
			shellPath = /bin/sh;
			shellScript = "diff \"${PODS_ROOT}/../Podfile.lock\" \"${PODS_ROOT}/Manifest.lock\" > /dev/null\nif [[ $? != 0 ]] ; then\n    cat << EOM\nerror: The sandbox is not in sync with the Podfile.lock. Run 'pod install' or update your CocoaPods installation.\nEOM\n    exit 1\nfi\n";
			showEnvVarsInLog = 0;
		};
/* End PBXShellScriptBuildPhase section */

/* Begin PBXSourcesBuildPhase section */
		152A45C71D592BA500D8CC23 /* Sources */ = {
			isa = PBXSourcesBuildPhase;
			buildActionMask = 2147483647;
			files = (
				152A45D11D592BA500D8CC23 /* IndexViewController.swift in Sources */,
				152A45CF1D592BA500D8CC23 /* AppDelegate.swift in Sources */,
				152A45E11D592C9F00D8CC23 /* SearchViewController.swift in Sources */,
			);
			runOnlyForDeploymentPostprocessing = 0;
		};
/* End PBXSourcesBuildPhase section */

/* Begin PBXVariantGroup section */
		152A45D21D592BA500D8CC23 /* Main.storyboard */ = {
			isa = PBXVariantGroup;
			children = (
				152A45D31D592BA500D8CC23 /* Base */,
			);
			name = Main.storyboard;
			sourceTree = "<group>";
		};
/* End PBXVariantGroup section */

/* Begin XCBuildConfiguration section */
		152A45DB1D592BA500D8CC23 /* Debug */ = {
			isa = XCBuildConfiguration;
			buildSettings = {
				ALWAYS_SEARCH_USER_PATHS = NO;
				CLANG_CXX_LANGUAGE_STANDARD = "gnu++0x";
				CLANG_CXX_LIBRARY = "libc++";
				CLANG_ENABLE_MODULES = YES;
				CLANG_ENABLE_OBJC_ARC = YES;
				CLANG_WARN_BOOL_CONVERSION = YES;
				CLANG_WARN_CONSTANT_CONVERSION = YES;
				CLANG_WARN_DIRECT_OBJC_ISA_USAGE = YES_ERROR;
				CLANG_WARN_EMPTY_BODY = YES;
				CLANG_WARN_ENUM_CONVERSION = YES;
				CLANG_WARN_INT_CONVERSION = YES;
				CLANG_WARN_OBJC_ROOT_CLASS = YES_ERROR;
				CLANG_WARN_UNREACHABLE_CODE = YES;
				CLANG_WARN__DUPLICATE_METHOD_MATCH = YES;
				"CODE_SIGN_IDENTITY[sdk=iphoneos*]" = "iPhone Developer";
				COPY_PHASE_STRIP = NO;
				DEBUG_INFORMATION_FORMAT = dwarf;
				ENABLE_STRICT_OBJC_MSGSEND = YES;
				ENABLE_TESTABILITY = YES;
				GCC_C_LANGUAGE_STANDARD = gnu99;
				GCC_DYNAMIC_NO_PIC = NO;
				GCC_NO_COMMON_BLOCKS = YES;
				GCC_OPTIMIZATION_LEVEL = 0;
				GCC_PREPROCESSOR_DEFINITIONS = (
					"DEBUG=1",
					"$(inherited)",
				);
				GCC_WARN_64_TO_32_BIT_CONVERSION = YES;
				GCC_WARN_ABOUT_RETURN_TYPE = YES_ERROR;
				GCC_WARN_UNDECLARED_SELECTOR = YES;
				GCC_WARN_UNINITIALIZED_AUTOS = YES_AGGRESSIVE;
				GCC_WARN_UNUSED_FUNCTION = YES;
				GCC_WARN_UNUSED_VARIABLE = YES;
				IPHONEOS_DEPLOYMENT_TARGET = 9.2;
				MTL_ENABLE_DEBUG_INFO = YES;
				ONLY_ACTIVE_ARCH = YES;
				SDKROOT = iphoneos;
				SWIFT_OPTIMIZATION_LEVEL = "-Onone";
				TARGETED_DEVICE_FAMILY = "1,2";
			};
			name = Debug;
		};
		152A45DC1D592BA500D8CC23 /* Release */ = {
			isa = XCBuildConfiguration;
			buildSettings = {
				ALWAYS_SEARCH_USER_PATHS = NO;
				CLANG_CXX_LANGUAGE_STANDARD = "gnu++0x";
				CLANG_CXX_LIBRARY = "libc++";
				CLANG_ENABLE_MODULES = YES;
				CLANG_ENABLE_OBJC_ARC = YES;
				CLANG_WARN_BOOL_CONVERSION = YES;
				CLANG_WARN_CONSTANT_CONVERSION = YES;
				CLANG_WARN_DIRECT_OBJC_ISA_USAGE = YES_ERROR;
				CLANG_WARN_EMPTY_BODY = YES;
				CLANG_WARN_ENUM_CONVERSION = YES;
				CLANG_WARN_INT_CONVERSION = YES;
				CLANG_WARN_OBJC_ROOT_CLASS = YES_ERROR;
				CLANG_WARN_UNREACHABLE_CODE = YES;
				CLANG_WARN__DUPLICATE_METHOD_MATCH = YES;
				"CODE_SIGN_IDENTITY[sdk=iphoneos*]" = "iPhone Developer";
				COPY_PHASE_STRIP = NO;
				DEBUG_INFORMATION_FORMAT = "dwarf-with-dsym";
				ENABLE_NS_ASSERTIONS = NO;
				ENABLE_STRICT_OBJC_MSGSEND = YES;
				GCC_C_LANGUAGE_STANDARD = gnu99;
				GCC_NO_COMMON_BLOCKS = YES;
				GCC_WARN_64_TO_32_BIT_CONVERSION = YES;
				GCC_WARN_ABOUT_RETURN_TYPE = YES_ERROR;
				GCC_WARN_UNDECLARED_SELECTOR = YES;
				GCC_WARN_UNINITIALIZED_AUTOS = YES_AGGRESSIVE;
				GCC_WARN_UNUSED_FUNCTION = YES;
				GCC_WARN_UNUSED_VARIABLE = YES;
				IPHONEOS_DEPLOYMENT_TARGET = 9.2;
				MTL_ENABLE_DEBUG_INFO = NO;
				SDKROOT = iphoneos;
				TARGETED_DEVICE_FAMILY = "1,2";
				VALIDATE_PRODUCT = YES;
			};
			name = Release;
		};
		152A45DE1D592BA500D8CC23 /* Debug */ = {
			isa = XCBuildConfiguration;
			baseConfigurationReference = 4A65D06643B7D63131019E5B /* Pods-Moonbeam.debug.xcconfig */;
			buildSettings = {
				ASSETCATALOG_COMPILER_APPICON_NAME = AppIcon;
				INFOPLIST_FILE = Moonbeam/Info.plist;
				LD_RUNPATH_SEARCH_PATHS = "$(inherited) @executable_path/Frameworks";
				PRODUCT_BUNDLE_IDENTIFIER = self.edu.Moonbeam;
				PRODUCT_NAME = "$(TARGET_NAME)";
			};
			name = Debug;
		};
		152A45DF1D592BA500D8CC23 /* Release */ = {
			isa = XCBuildConfiguration;
			baseConfigurationReference = 5EFE5E0F0DA30D267C676D67 /* Pods-Moonbeam.release.xcconfig */;
			buildSettings = {
				ASSETCATALOG_COMPILER_APPICON_NAME = AppIcon;
				INFOPLIST_FILE = Moonbeam/Info.plist;
				LD_RUNPATH_SEARCH_PATHS = "$(inherited) @executable_path/Frameworks";
				PRODUCT_BUNDLE_IDENTIFIER = self.edu.Moonbeam;
				PRODUCT_NAME = "$(TARGET_NAME)";
			};
			name = Release;
		};
/* End XCBuildConfiguration section */

/* Begin XCConfigurationList section */
		152A45C61D592BA500D8CC23 /* Build configuration list for PBXProject "Moonbeam" */ = {
			isa = XCConfigurationList;
			buildConfigurations = (
				152A45DB1D592BA500D8CC23 /* Debug */,
				152A45DC1D592BA500D8CC23 /* Release */,
			);
			defaultConfigurationIsVisible = 0;
			defaultConfigurationName = Release;
		};
		152A45DD1D592BA500D8CC23 /* Build configuration list for PBXNativeTarget "Moonbeam" */ = {
			isa = XCConfigurationList;
			buildConfigurations = (
				152A45DE1D592BA500D8CC23 /* Debug */,
				152A45DF1D592BA500D8CC23 /* Release */,
			);
			defaultConfigurationIsVisible = 0;
			defaultConfigurationName = Release;
		};
/* End XCConfigurationList section */
	};
	rootObject = 152A45C31D592BA500D8CC23 /* Project object */;
}
